
Microsoft Visual Studio Solution File, Format Version 12.00
# Visual Studio 15
VisualStudioVersion = 15.0.26730.15
MinimumVisualStudioVersion = 10.0.40219.1
Project("{FAE04EC0-301F-11D3-BF4B-00C04F79EFBC}") = "Top5Files", "Top5Files\Top5Files.csproj", "{2CFAAB91-21C8-4B8A-82A6-1F583A275D00}"
EndProject
Project("{FAE04EC0-301F-11D3-BF4B-00C04F79EFBC}") = "Features", "Features\Features.csproj", "{CC5E7C22-09DC-4E9B-8A87-A67DFAC547B1}"
EndProject
Global
	GlobalSection(SolutionConfigurationPlatforms) = preSolution
		Debug|Any CPU = Debug|Any CPU
		Release|Any CPU = Release|Any CPU
	EndGlobalSection
	GlobalSection(ProjectConfigurationPlatforms) = postSolution
		{2CFAAB91-21C8-4B8A-82A6-1F583A275D00}.Debug|Any CPU.ActiveCfg = Debug|Any CPU
		{2CFAAB91-21C8-4B8A-82A6-1F583A275D00}.Debug|Any CPU.Build.0 = Debug|Any CPU
		{2CFAAB91-21C8-4B8A-82A6-1F583A275D00}.Release|Any CPU.ActiveCfg = Release|Any CPU
		{2CFAAB91-21C8-4B8A-82A6-1F583A275D00}.Release|Any CPU.Build.0 = Release|Any CPU
		{CC5E7C22-09DC-4E9B-8A87-A67DFAC547B1}.Debug|Any CPU.ActiveCfg = Debug|Any CPU
		{CC5E7C22-09DC-4E9B-8A87-A67DFAC547B1}.Debug|Any CPU.Build.0 = Debug|Any CPU
		{CC5E7C22-09DC-4E9B-8A87-A67DFAC547B1}.Release|Any CPU.ActiveCfg = Release|Any CPU
		{CC5E7C22-09DC-4E9B-8A87-A67DFAC547B1}.Release|Any CPU.Build.0 = Release|Any CPU
	EndGlobalSection
	GlobalSection(SolutionProperties) = preSolution
		HideSolutionNode = FALSE
	EndGlobalSection
	GlobalSection(ExtensibilityGlobals) = postSolution
		SolutionGuid = {99578740-87D5-43F9-8052-16EE9F213DE3}
	EndGlobalSection
EndGlobal
